
Microsoft Visual Studio Solution File, Format Version 12.00
# Visual Studio 2012
Project("{8BC9CEB8-8B4A-11D0-8D11-00A0C91BC942}") = "Iniciando PhysX 3", "Iniciando PhysX 3.vcxproj", "{FF88FFF9-34CF-4DCB-A5C9-29F6751D22BA}"
EndProject
Global
	GlobalSection(SolutionConfigurationPlatforms) = preSolution
		Debug|Win32 = Debug|Win32
		Release|Win32 = Release|Win32
	EndGlobalSection
	GlobalSection(ProjectConfigurationPlatforms) = postSolution
		{FF88FFF9-34CF-4DCB-A5C9-29F6751D22BA}.Debug|Win32.ActiveCfg = Debug|Win32
		{FF88FFF9-34CF-4DCB-A5C9-29F6751D22BA}.Debug|Win32.Build.0 = Debug|Win32
		{FF88FFF9-34CF-4DCB-A5C9-29F6751D22BA}.Release|Win32.ActiveCfg = Release|Win32
		{FF88FFF9-34CF-4DCB-A5C9-29F6751D22BA}.Release|Win32.Build.0 = Release|Win32
	EndGlobalSection
	GlobalSection(SolutionProperties) = preSolution
		HideSolutionNode = FALSE
	EndGlobalSection
EndGlobal
