
Microsoft Visual Studio Solution File, Format Version 12.00
# Visual Studio Express 2012 for Windows Desktop
Project("{8BC9CEB8-8B4A-11D0-8D11-00A0C91BC942}") = "Exercicio 01 - Shapes", "Exercicio 1 - Shapes\Exercicio 1 - Shapes.vcxproj", "{F2E18360-51F5-44F2-A558-D611EE456498}"
EndProject
Project("{8BC9CEB8-8B4A-11D0-8D11-00A0C91BC942}") = "Exercicio 02 - Gravity", "Exercicio 2 - Gravity\Exercicio 2 - Gravity.vcxproj", "{B6D17BCB-8C1A-4A96-B8B5-1680BB07F51C}"
EndProject
Project("{8BC9CEB8-8B4A-11D0-8D11-00A0C91BC942}") = "Exercicio 03 - Random Objects", "Exercicio 3 - Random Objects\Exercicio 3 - Random Objects.vcxproj", "{D7D001A5-73D6-456E-A90B-A12FC6AF6BBB}"
EndProject
Project("{8BC9CEB8-8B4A-11D0-8D11-00A0C91BC942}") = "Exercicio 04 - Restitution", "Exercicio 4 - Restitution\Exercicio 4 - Restitution.vcxproj", "{217115EB-53D2-4180-B367-85A026F5B480}"
EndProject
Project("{8BC9CEB8-8B4A-11D0-8D11-00A0C91BC942}") = "Exercicio 05 - Friction", "Exercicio 5 - Friction\Exercicio 5 - Friction.vcxproj", "{18ADC9EB-A917-41D3-B261-4AF01264FAB1}"
EndProject
Project("{8BC9CEB8-8B4A-11D0-8D11-00A0C91BC942}") = "Exercicio 06 - Stackoverflow", "Exercicio 6 - Stackoverflow\Exercicio 6 - Stackoverflow.vcxproj", "{6DFB141D-CEFD-4974-942E-52E93FCF0ED0}"
EndProject
Project("{8BC9CEB8-8B4A-11D0-8D11-00A0C91BC942}") = "Exercicio 07 - Box Wall", "Exercicio 7 - Box Wall\Exercicio 7 - Box Wall.vcxproj", "{D2F57278-16A2-4F34-9656-381A3BF9642A}"
EndProject
Project("{8BC9CEB8-8B4A-11D0-8D11-00A0C91BC942}") = "Exercicio 08 - Launch Boxes", "Exercicio 8 - Forces\Exercicio 8 - Forces.vcxproj", "{D7D9529B-939C-4F24-B812-88CA49BDA0C2}"
EndProject
Project("{8BC9CEB8-8B4A-11D0-8D11-00A0C91BC942}") = "Exercicio 09 - Domino", "Exercicio 9 - Domino\Exercicio 9 - Domino.vcxproj", "{24444D1E-CF42-4A36-9F28-A1CCAC1C1889}"
EndProject
Project("{8BC9CEB8-8B4A-11D0-8D11-00A0C91BC942}") = "Forcas", "Forcas\Forcas.vcxproj", "{C70E39AC-E094-403F-B830-E1AE16FFD1E9}"
EndProject
Project("{8BC9CEB8-8B4A-11D0-8D11-00A0C91BC942}") = "Framework", "Framework\Framework.vcxproj", "{F274E4C8-256F-42D7-8201-B910C1B1D7D1}"
EndProject
Project("{8BC9CEB8-8B4A-11D0-8D11-00A0C91BC942}") = "Exercicio 10 - Move Objects", "Exercicio 10 - Move Objects\Exercicio 10 - Move Objects.vcxproj", "{6D46799F-6FAE-42DE-BAB0-5CE5BE79B767}"
EndProject
Project("{8BC9CEB8-8B4A-11D0-8D11-00A0C91BC942}") = "Joints", "Joints\Joints.vcxproj", "{637A3C36-76F7-45F6-9C3C-3D652D4C8326}"
EndProject
Project("{8BC9CEB8-8B4A-11D0-8D11-00A0C91BC942}") = "Exercicio 11 - Robot", "Exercicio 11 - Robot\Exercicio 11 - Robot.vcxproj", "{F0C32C61-CE3A-44FF-8843-152221FBEFBA}"
EndProject
Project("{8BC9CEB8-8B4A-11D0-8D11-00A0C91BC942}") = "Exercicio 12 - Bridge", "Exercicio 12 - Bridge\Exercicio 12 - Bridge.vcxproj", "{198D3DAC-1740-4C6B-85FF-797AA8553E5C}"
EndProject
Project("{8BC9CEB8-8B4A-11D0-8D11-00A0C91BC942}") = "Contacts", "Contacts\Contacts.vcxproj", "{9FA685A8-79FB-4CEB-A331-1025EEC64340}"
EndProject
Project("{8BC9CEB8-8B4A-11D0-8D11-00A0C91BC942}") = "MyAngryBirds", "MyAngryBirds\MyAngryBirds.vcxproj", "{57A1E844-78A7-4331-8A7D-07AC131AC733}"
EndProject
Global
	GlobalSection(SolutionConfigurationPlatforms) = preSolution
		Debug|Win32 = Debug|Win32
		Release|Win32 = Release|Win32
	EndGlobalSection
	GlobalSection(ProjectConfigurationPlatforms) = postSolution
		{F2E18360-51F5-44F2-A558-D611EE456498}.Debug|Win32.ActiveCfg = Debug|Win32
		{F2E18360-51F5-44F2-A558-D611EE456498}.Debug|Win32.Build.0 = Debug|Win32
		{F2E18360-51F5-44F2-A558-D611EE456498}.Release|Win32.ActiveCfg = Release|Win32
		{F2E18360-51F5-44F2-A558-D611EE456498}.Release|Win32.Build.0 = Release|Win32
		{B6D17BCB-8C1A-4A96-B8B5-1680BB07F51C}.Debug|Win32.ActiveCfg = Debug|Win32
		{B6D17BCB-8C1A-4A96-B8B5-1680BB07F51C}.Debug|Win32.Build.0 = Debug|Win32
		{B6D17BCB-8C1A-4A96-B8B5-1680BB07F51C}.Release|Win32.ActiveCfg = Release|Win32
		{B6D17BCB-8C1A-4A96-B8B5-1680BB07F51C}.Release|Win32.Build.0 = Release|Win32
		{D7D001A5-73D6-456E-A90B-A12FC6AF6BBB}.Debug|Win32.ActiveCfg = Debug|Win32
		{D7D001A5-73D6-456E-A90B-A12FC6AF6BBB}.Debug|Win32.Build.0 = Debug|Win32
		{D7D001A5-73D6-456E-A90B-A12FC6AF6BBB}.Release|Win32.ActiveCfg = Release|Win32
		{D7D001A5-73D6-456E-A90B-A12FC6AF6BBB}.Release|Win32.Build.0 = Release|Win32
		{217115EB-53D2-4180-B367-85A026F5B480}.Debug|Win32.ActiveCfg = Debug|Win32
		{217115EB-53D2-4180-B367-85A026F5B480}.Debug|Win32.Build.0 = Debug|Win32
		{217115EB-53D2-4180-B367-85A026F5B480}.Release|Win32.ActiveCfg = Release|Win32
		{217115EB-53D2-4180-B367-85A026F5B480}.Release|Win32.Build.0 = Release|Win32
		{18ADC9EB-A917-41D3-B261-4AF01264FAB1}.Debug|Win32.ActiveCfg = Debug|Win32
		{18ADC9EB-A917-41D3-B261-4AF01264FAB1}.Debug|Win32.Build.0 = Debug|Win32
		{18ADC9EB-A917-41D3-B261-4AF01264FAB1}.Release|Win32.ActiveCfg = Release|Win32
		{18ADC9EB-A917-41D3-B261-4AF01264FAB1}.Release|Win32.Build.0 = Release|Win32
		{6DFB141D-CEFD-4974-942E-52E93FCF0ED0}.Debug|Win32.ActiveCfg = Debug|Win32
		{6DFB141D-CEFD-4974-942E-52E93FCF0ED0}.Debug|Win32.Build.0 = Debug|Win32
		{6DFB141D-CEFD-4974-942E-52E93FCF0ED0}.Release|Win32.ActiveCfg = Release|Win32
		{6DFB141D-CEFD-4974-942E-52E93FCF0ED0}.Release|Win32.Build.0 = Release|Win32
		{D2F57278-16A2-4F34-9656-381A3BF9642A}.Debug|Win32.ActiveCfg = Debug|Win32
		{D2F57278-16A2-4F34-9656-381A3BF9642A}.Debug|Win32.Build.0 = Debug|Win32
		{D2F57278-16A2-4F34-9656-381A3BF9642A}.Release|Win32.ActiveCfg = Release|Win32
		{D2F57278-16A2-4F34-9656-381A3BF9642A}.Release|Win32.Build.0 = Release|Win32
		{D7D9529B-939C-4F24-B812-88CA49BDA0C2}.Debug|Win32.ActiveCfg = Debug|Win32
		{D7D9529B-939C-4F24-B812-88CA49BDA0C2}.Debug|Win32.Build.0 = Debug|Win32
		{D7D9529B-939C-4F24-B812-88CA49BDA0C2}.Release|Win32.ActiveCfg = Release|Win32
		{D7D9529B-939C-4F24-B812-88CA49BDA0C2}.Release|Win32.Build.0 = Release|Win32
		{24444D1E-CF42-4A36-9F28-A1CCAC1C1889}.Debug|Win32.ActiveCfg = Debug|Win32
		{24444D1E-CF42-4A36-9F28-A1CCAC1C1889}.Debug|Win32.Build.0 = Debug|Win32
		{24444D1E-CF42-4A36-9F28-A1CCAC1C1889}.Release|Win32.ActiveCfg = Release|Win32
		{24444D1E-CF42-4A36-9F28-A1CCAC1C1889}.Release|Win32.Build.0 = Release|Win32
		{C70E39AC-E094-403F-B830-E1AE16FFD1E9}.Debug|Win32.ActiveCfg = Debug|Win32
		{C70E39AC-E094-403F-B830-E1AE16FFD1E9}.Debug|Win32.Build.0 = Debug|Win32
		{C70E39AC-E094-403F-B830-E1AE16FFD1E9}.Release|Win32.ActiveCfg = Release|Win32
		{C70E39AC-E094-403F-B830-E1AE16FFD1E9}.Release|Win32.Build.0 = Release|Win32
		{F274E4C8-256F-42D7-8201-B910C1B1D7D1}.Debug|Win32.ActiveCfg = Debug|Win32
		{F274E4C8-256F-42D7-8201-B910C1B1D7D1}.Debug|Win32.Build.0 = Debug|Win32
		{F274E4C8-256F-42D7-8201-B910C1B1D7D1}.Release|Win32.ActiveCfg = Release|Win32
		{F274E4C8-256F-42D7-8201-B910C1B1D7D1}.Release|Win32.Build.0 = Release|Win32
		{6D46799F-6FAE-42DE-BAB0-5CE5BE79B767}.Debug|Win32.ActiveCfg = Debug|Win32
		{6D46799F-6FAE-42DE-BAB0-5CE5BE79B767}.Debug|Win32.Build.0 = Debug|Win32
		{6D46799F-6FAE-42DE-BAB0-5CE5BE79B767}.Release|Win32.ActiveCfg = Release|Win32
		{6D46799F-6FAE-42DE-BAB0-5CE5BE79B767}.Release|Win32.Build.0 = Release|Win32
		{637A3C36-76F7-45F6-9C3C-3D652D4C8326}.Debug|Win32.ActiveCfg = Debug|Win32
		{637A3C36-76F7-45F6-9C3C-3D652D4C8326}.Debug|Win32.Build.0 = Debug|Win32
		{637A3C36-76F7-45F6-9C3C-3D652D4C8326}.Release|Win32.ActiveCfg = Release|Win32
		{637A3C36-76F7-45F6-9C3C-3D652D4C8326}.Release|Win32.Build.0 = Release|Win32
		{F0C32C61-CE3A-44FF-8843-152221FBEFBA}.Debug|Win32.ActiveCfg = Debug|Win32
		{F0C32C61-CE3A-44FF-8843-152221FBEFBA}.Debug|Win32.Build.0 = Debug|Win32
		{F0C32C61-CE3A-44FF-8843-152221FBEFBA}.Release|Win32.ActiveCfg = Release|Win32
		{F0C32C61-CE3A-44FF-8843-152221FBEFBA}.Release|Win32.Build.0 = Release|Win32
		{198D3DAC-1740-4C6B-85FF-797AA8553E5C}.Debug|Win32.ActiveCfg = Debug|Win32
		{198D3DAC-1740-4C6B-85FF-797AA8553E5C}.Debug|Win32.Build.0 = Debug|Win32
		{198D3DAC-1740-4C6B-85FF-797AA8553E5C}.Release|Win32.ActiveCfg = Release|Win32
		{198D3DAC-1740-4C6B-85FF-797AA8553E5C}.Release|Win32.Build.0 = Release|Win32
		{9FA685A8-79FB-4CEB-A331-1025EEC64340}.Debug|Win32.ActiveCfg = Debug|Win32
		{9FA685A8-79FB-4CEB-A331-1025EEC64340}.Debug|Win32.Build.0 = Debug|Win32
		{9FA685A8-79FB-4CEB-A331-1025EEC64340}.Release|Win32.ActiveCfg = Release|Win32
		{9FA685A8-79FB-4CEB-A331-1025EEC64340}.Release|Win32.Build.0 = Release|Win32
		{57A1E844-78A7-4331-8A7D-07AC131AC733}.Debug|Win32.ActiveCfg = Debug|Win32
		{57A1E844-78A7-4331-8A7D-07AC131AC733}.Debug|Win32.Build.0 = Debug|Win32
		{57A1E844-78A7-4331-8A7D-07AC131AC733}.Release|Win32.ActiveCfg = Release|Win32
		{57A1E844-78A7-4331-8A7D-07AC131AC733}.Release|Win32.Build.0 = Release|Win32
	EndGlobalSection
	GlobalSection(SolutionProperties) = preSolution
		HideSolutionNode = FALSE
	EndGlobalSection
EndGlobal
